
Microsoft Visual Studio Solution File, Format Version 12.00
# Visual Studio Version 17
VisualStudioVersion = 17.6.33829.357
MinimumVisualStudioVersion = 10.0.40219.1
Project("{13B669BE-BB05-4DDF-9536-439F39A36129}") = "APIsArentPun", "APIsArentPun.phpproj", "{7F539054-B2EE-40CF-8138-36D2BCAC7D1D}"
EndProject
Global
	GlobalSection(SolutionConfigurationPlatforms) = preSolution
		Debug|Any CPU = Debug|Any CPU
		Release|Any CPU = Release|Any CPU
	EndGlobalSection
	GlobalSection(ProjectConfigurationPlatforms) = postSolution
		{7F539054-B2EE-40CF-8138-36D2BCAC7D1D}.Debug|Any CPU.ActiveCfg = Debug|Any CPU
		{7F539054-B2EE-40CF-8138-36D2BCAC7D1D}.Debug|Any CPU.Build.0 = Debug|Any CPU
		{7F539054-B2EE-40CF-8138-36D2BCAC7D1D}.Release|Any CPU.ActiveCfg = Release|Any CPU
		{7F539054-B2EE-40CF-8138-36D2BCAC7D1D}.Release|Any CPU.Build.0 = Release|Any CPU
	EndGlobalSection
	GlobalSection(SolutionProperties) = preSolution
		HideSolutionNode = FALSE
	EndGlobalSection
	GlobalSection(ExtensibilityGlobals) = postSolution
		SolutionGuid = {A3CC658E-F5A7-4F85-AA50-FE65A92C56D6}
	EndGlobalSection
EndGlobal
